// !$*UTF8*$!
{
	archiveVersion = 1;
	classes = {
	};
	objectVersion = 50;
	objects = {

/* Begin PBXBuildFile section */
		65EFE8E0208F19CE008B10A8 /* AppDelegate.swift in Sources */ = {isa = PBXBuildFile; fileRef = 65EFE8DF208F19CE008B10A8 /* AppDelegate.swift */; };
		65EFE8E2208F19CE008B10A8 /* ViewController.swift in Sources */ = {isa = PBXBuildFile; fileRef = 65EFE8E1208F19CE008B10A8 /* ViewController.swift */; };
		65EFE8E5208F19CE008B10A8 /* Main.storyboard in Resources */ = {isa = PBXBuildFile; fileRef = 65EFE8E3208F19CE008B10A8 /* Main.storyboard */; };
		65EFE8E7208F19D0008B10A8 /* Assets.xcassets in Resources */ = {isa = PBXBuildFile; fileRef = 65EFE8E6208F19D0008B10A8 /* Assets.xcassets */; };
		65EFE8EA208F19D0008B10A8 /* LaunchScreen.storyboard in Resources */ = {isa = PBXBuildFile; fileRef = 65EFE8E8208F19D0008B10A8 /* LaunchScreen.storyboard */; };
		F71B8A75985579712353BB77 /* Pods_LINELoginDemo.framework in Frameworks */ = {isa = PBXBuildFile; fileRef = AA6B224EA47087E4CF27BD96 /* Pods_LINELoginDemo.framework */; };
/* End PBXBuildFile section */

/* Begin PBXFileReference section */
		65EFE8DC208F19CE008B10A8 /* LINELoginDemo.app */ = {isa = PBXFileReference; explicitFileType = wrapper.application; includeInIndex = 0; path = LINELoginDemo.app; sourceTree = BUILT_PRODUCTS_DIR; };
		65EFE8DF208F19CE008B10A8 /* AppDelegate.swift */ = {isa = PBXFileReference; lastKnownFileType = sourcecode.swift; path = AppDelegate.swift; sourceTree = "<group>"; };
		65EFE8E1208F19CE008B10A8 /* ViewController.swift */ = {isa = PBXFileReference; lastKnownFileType = sourcecode.swift; path = ViewController.swift; sourceTree = "<group>"; };
		65EFE8E4208F19CE008B10A8 /* Base */ = {isa = PBXFileReference; lastKnownFileType = file.storyboard; name = Base; path = Base.lproj/Main.storyboard; sourceTree = "<group>"; };
		65EFE8E6208F19D0008B10A8 /* Assets.xcassets */ = {isa = PBXFileReference; lastKnownFileType = folder.assetcatalog; path = Assets.xcassets; sourceTree = "<group>"; };
		65EFE8E9208F19D0008B10A8 /* Base */ = {isa = PBXFileReference; lastKnownFileType = file.storyboard; name = Base; path = Base.lproj/LaunchScreen.storyboard; sourceTree = "<group>"; };
		65EFE8EB208F19D0008B10A8 /* Info.plist */ = {isa = PBXFileReference; lastKnownFileType = text.plist.xml; path = Info.plist; sourceTree = "<group>"; };
		65EFE8F1208F1AD9008B10A8 /* LINELoginDemo.entitlements */ = {isa = PBXFileReference; lastKnownFileType = text.plist.entitlements; path = LINELoginDemo.entitlements; sourceTree = "<group>"; };
		7E4D5212B2EA0306D622F8C3 /* Pods-LINELoginDemo.release.xcconfig */ = {isa = PBXFileReference; includeInIndex = 1; lastKnownFileType = text.xcconfig; name = "Pods-LINELoginDemo.release.xcconfig"; path = "Pods/Target Support Files/Pods-LINELoginDemo/Pods-LINELoginDemo.release.xcconfig"; sourceTree = "<group>"; };
		A05E2A5B98D2DE97186E614E /* Pods-LINELoginDemo.debug.xcconfig */ = {isa = PBXFileReference; includeInIndex = 1; lastKnownFileType = text.xcconfig; name = "Pods-LINELoginDemo.debug.xcconfig"; path = "Pods/Target Support Files/Pods-LINELoginDemo/Pods-LINELoginDemo.debug.xcconfig"; sourceTree = "<group>"; };
		AA6B224EA47087E4CF27BD96 /* Pods_LINELoginDemo.framework */ = {isa = PBXFileReference; explicitFileType = wrapper.framework; includeInIndex = 0; path = Pods_LINELoginDemo.framework; sourceTree = BUILT_PRODUCTS_DIR; };
/* End PBXFileReference section */

/* Begin PBXFrameworksBuildPhase section */
		65EFE8D9208F19CE008B10A8 /* Frameworks */ = {
			isa = PBXFrameworksBuildPhase;
			buildActionMask = 2147483647;
			files = (
				F71B8A75985579712353BB77 /* Pods_LINELoginDemo.framework in Frameworks */,
			);
			runOnlyForDeploymentPostprocessing = 0;
		};
/* End PBXFrameworksBuildPhase section */

/* Begin PBXGroup section */
		50F4160F2CD9D238B79F0762 /* Frameworks */ = {
			isa = PBXGroup;
			children = (
				AA6B224EA47087E4CF27BD96 /* Pods_LINELoginDemo.framework */,
			);
			name = Frameworks;
			sourceTree = "<group>";
		};
		65EFE8D3208F19CE008B10A8 = {
			isa = PBXGroup;
			children = (
				65EFE8DE208F19CE008B10A8 /* LINELoginDemo */,
				65EFE8DD208F19CE008B10A8 /* Products */,
				EC3A35A5F75FEA5EE5D5514E /* Pods */,
				50F4160F2CD9D238B79F0762 /* Frameworks */,
			);
			sourceTree = "<group>";
		};
		65EFE8DD208F19CE008B10A8 /* Products */ = {
			isa = PBXGroup;
			children = (
				65EFE8DC208F19CE008B10A8 /* LINELoginDemo.app */,
			);
			name = Products;
			sourceTree = "<group>";
		};
		65EFE8DE208F19CE008B10A8 /* LINELoginDemo */ = {
			isa = PBXGroup;
			children = (
				65EFE8F1208F1AD9008B10A8 /* LINELoginDemo.entitlements */,
				65EFE8DF208F19CE008B10A8 /* AppDelegate.swift */,
				65EFE8E1208F19CE008B10A8 /* ViewController.swift */,
				65EFE8E3208F19CE008B10A8 /* Main.storyboard */,
				65EFE8E6208F19D0008B10A8 /* Assets.xcassets */,
				65EFE8E8208F19D0008B10A8 /* LaunchScreen.storyboard */,
				65EFE8EB208F19D0008B10A8 /* Info.plist */,
			);
			path = LINELoginDemo;
			sourceTree = "<group>";
		};
		EC3A35A5F75FEA5EE5D5514E /* Pods */ = {
			isa = PBXGroup;
			children = (
				A05E2A5B98D2DE97186E614E /* Pods-LINELoginDemo.debug.xcconfig */,
				7E4D5212B2EA0306D622F8C3 /* Pods-LINELoginDemo.release.xcconfig */,
			);
			name = Pods;
			sourceTree = "<group>";
		};
/* End PBXGroup section */

/* Begin PBXNativeTarget section */
		65EFE8DB208F19CE008B10A8 /* LINELoginDemo */ = {
			isa = PBXNativeTarget;
			buildConfigurationList = 65EFE8EE208F19D0008B10A8 /* Build configuration list for PBXNativeTarget "LINELoginDemo" */;
			buildPhases = (
				F64A5B11DB3F500AE5189A39 /* [CP] Check Pods Manifest.lock */,
				65EFE8D8208F19CE008B10A8 /* Sources */,
				65EFE8D9208F19CE008B10A8 /* Frameworks */,
				65EFE8DA208F19CE008B10A8 /* Resources */,
			);
			buildRules = (
			);
			dependencies = (
			);
			name = LINELoginDemo;
			productName = LINELoginDemo;
			productReference = 65EFE8DC208F19CE008B10A8 /* LINELoginDemo.app */;
			productType = "com.apple.product-type.application";
		};
/* End PBXNativeTarget section */

/* Begin PBXProject section */
		65EFE8D4208F19CE008B10A8 /* Project object */ = {
			isa = PBXProject;
			attributes = {
				LastSwiftUpdateCheck = 0930;
				LastUpgradeCheck = 0930;
				ORGANIZATIONNAME = "Kuan-Wei";
				TargetAttributes = {
					65EFE8DB208F19CE008B10A8 = {
						CreatedOnToolsVersion = 9.3;
						SystemCapabilities = {
							com.apple.Keychain = {
								enabled = 1;
							};
						};
					};
				};
			};
			buildConfigurationList = 65EFE8D7208F19CE008B10A8 /* Build configuration list for PBXProject "LINELoginDemo" */;
			compatibilityVersion = "Xcode 9.3";
			developmentRegion = en;
			hasScannedForEncodings = 0;
			knownRegions = (
				en,
				Base,
			);
			mainGroup = 65EFE8D3208F19CE008B10A8;
			productRefGroup = 65EFE8DD208F19CE008B10A8 /* Products */;
			projectDirPath = "";
			projectRoot = "";
			targets = (
				65EFE8DB208F19CE008B10A8 /* LINELoginDemo */,
			);
		};
/* End PBXProject section */

/* Begin PBXResourcesBuildPhase section */
		65EFE8DA208F19CE008B10A8 /* Resources */ = {
			isa = PBXResourcesBuildPhase;
			buildActionMask = 2147483647;
			files = (
				65EFE8EA208F19D0008B10A8 /* LaunchScreen.storyboard in Resources */,
				65EFE8E7208F19D0008B10A8 /* Assets.xcassets in Resources */,
				65EFE8E5208F19CE008B10A8 /* Main.storyboard in Resources */,
			);
			runOnlyForDeploymentPostprocessing = 0;
		};
/* End PBXResourcesBuildPhase section */

/* Begin PBXShellScriptBuildPhase section */
		F64A5B11DB3F500AE5189A39 /* [CP] Check Pods Manifest.lock */ = {
			isa = PBXShellScriptBuildPhase;
			buildActionMask = 2147483647;
			files = (
			);
			inputPaths = (
				"${PODS_PODFILE_DIR_PATH}/Podfile.lock",
				"${PODS_ROOT}/Manifest.lock",
			);
			name = "[CP] Check Pods Manifest.lock";
			outputPaths = (
				"$(DERIVED_FILE_DIR)/Pods-LINELoginDemo-checkManifestLockResult.txt",
			);
			runOnlyForDeploymentPostprocessing = 0;
			shellPath = /bin/sh;
			shellScript = "diff \"${PODS_PODFILE_DIR_PATH}/Podfile.lock\" \"${PODS_ROOT}/Manifest.lock\" > /dev/null\nif [ $? != 0 ] ; then\n    # print error to STDERR\n    echo \"error: The sandbox is not in sync with the Podfile.lock. Run 'pod install' or update your CocoaPods installation.\" >&2\n    exit 1\nfi\n# This output is used by Xcode 'outputs' to avoid re-running this script phase.\necho \"SUCCESS\" > \"${SCRIPT_OUTPUT_FILE_0}\"\n";
			showEnvVarsInLog = 0;
		};
/* End PBXShellScriptBuildPhase section */

/* Begin PBXSourcesBuildPhase section */
		65EFE8D8208F19CE008B10A8 /* Sources */ = {
			isa = PBXSourcesBuildPhase;
			buildActionMask = 2147483647;
			files = (
				65EFE8E2208F19CE008B10A8 /* ViewController.swift in Sources */,
				65EFE8E0208F19CE008B10A8 /* AppDelegate.swift in Sources */,
			);
			runOnlyForDeploymentPostprocessing = 0;
		};
/* End PBXSourcesBuildPhase section */

/* Begin PBXVariantGroup section */
		65EFE8E3208F19CE008B10A8 /* Main.storyboard */ = {
			isa = PBXVariantGroup;
			children = (
				65EFE8E4208F19CE008B10A8 /* Base */,
			);
			name = Main.storyboard;
			sourceTree = "<group>";
		};
		65EFE8E8208F19D0008B10A8 /* LaunchScreen.storyboard */ = {
			isa = PBXVariantGroup;
			children = (
				65EFE8E9208F19D0008B10A8 /* Base */,
			);
			name = LaunchScreen.storyboard;
			sourceTree = "<group>";
		};
/* End PBXVariantGroup section */

/* Begin XCBuildConfiguration section */
		65EFE8EC208F19D0008B10A8 /* Debug */ = {
			isa = XCBuildConfiguration;
			buildSettings = {
				ALWAYS_SEARCH_USER_PATHS = NO;
				CLANG_ANALYZER_NONNULL = YES;
				CLANG_ANALYZER_NUMBER_OBJECT_CONVERSION = YES_AGGRESSIVE;
				CLANG_CXX_LANGUAGE_STANDARD = "gnu++14";
				CLANG_CXX_LIBRARY = "libc++";
				CLANG_ENABLE_MODULES = YES;
				CLANG_ENABLE_OBJC_ARC = YES;
				CLANG_ENABLE_OBJC_WEAK = YES;
				CLANG_WARN_BLOCK_CAPTURE_AUTORELEASING = YES;
				CLANG_WARN_BOOL_CONVERSION = YES;
				CLANG_WARN_COMMA = YES;
				CLANG_WARN_CONSTANT_CONVERSION = YES;
				CLANG_WARN_DEPRECATED_OBJC_IMPLEMENTATIONS = YES;
				CLANG_WARN_DIRECT_OBJC_ISA_USAGE = YES_ERROR;
				CLANG_WARN_DOCUMENTATION_COMMENTS = YES;
				CLANG_WARN_EMPTY_BODY = YES;
				CLANG_WARN_ENUM_CONVERSION = YES;
				CLANG_WARN_INFINITE_RECURSION = YES;
				CLANG_WARN_INT_CONVERSION = YES;
				CLANG_WARN_NON_LITERAL_NULL_CONVERSION = YES;
				CLANG_WARN_OBJC_IMPLICIT_RETAIN_SELF = YES;
				CLANG_WARN_OBJC_LITERAL_CONVERSION = YES;
				CLANG_WARN_OBJC_ROOT_CLASS = YES_ERROR;
				CLANG_WARN_RANGE_LOOP_ANALYSIS = YES;
				CLANG_WARN_STRICT_PROTOTYPES = YES;
				CLANG_WARN_SUSPICIOUS_MOVE = YES;
				CLANG_WARN_UNGUARDED_AVAILABILITY = YES_AGGRESSIVE;
				CLANG_WARN_UNREACHABLE_CODE = YES;
				CLANG_WARN__DUPLICATE_METHOD_MATCH = YES;
				CODE_SIGN_IDENTITY = "iPhone Developer";
				COPY_PHASE_STRIP = NO;
				DEBUG_INFORMATION_FORMAT = dwarf;
				ENABLE_STRICT_OBJC_MSGSEND = YES;
				ENABLE_TESTABILITY = YES;
				GCC_C_LANGUAGE_STANDARD = gnu11;
				GCC_DYNAMIC_NO_PIC = NO;
				GCC_NO_COMMON_BLOCKS = YES;
				GCC_OPTIMIZATION_LEVEL = 0;
				GCC_PREPROCESSOR_DEFINITIONS = (
					"DEBUG=1",
					"$(inherited)",
				);
				GCC_WARN_64_TO_32_BIT_CONVERSION = YES;
				GCC_WARN_ABOUT_RETURN_TYPE = YES_ERROR;
				GCC_WARN_UNDECLARED_SELECTOR = YES;
				GCC_WARN_UNINITIALIZED_AUTOS = YES_AGGRESSIVE;
				GCC_WARN_UNUSED_FUNCTION = YES;
				GCC_WARN_UNUSED_VARIABLE = YES;
				IPHONEOS_DEPLOYMENT_TARGET = 11.3;
				MTL_ENABLE_DEBUG_INFO = YES;
				ONLY_ACTIVE_ARCH = YES;
				SDKROOT = iphoneos;
				SWIFT_ACTIVE_COMPILATION_CONDITIONS = DEBUG;
				SWIFT_OPTIMIZATION_LEVEL = "-Onone";
			};
			name = Debug;
		};
		65EFE8ED208F19D0008B10A8 /* Release */ = {
			isa = XCBuildConfiguration;
			buildSettings = {
				ALWAYS_SEARCH_USER_PATHS = NO;
				CLANG_ANALYZER_NONNULL = YES;
				CLANG_ANALYZER_NUMBER_OBJECT_CONVERSION = YES_AGGRESSIVE;
				CLANG_CXX_LANGUAGE_STANDARD = "gnu++14";
				CLANG_CXX_LIBRARY = "libc++";
				CLANG_ENABLE_MODULES = YES;
				CLANG_ENABLE_OBJC_ARC = YES;
				CLANG_ENABLE_OBJC_WEAK = YES;
				CLANG_WARN_BLOCK_CAPTURE_AUTORELEASING = YES;
				CLANG_WARN_BOOL_CONVERSION = YES;
				CLANG_WARN_COMMA = YES;
				CLANG_WARN_CONSTANT_CONVERSION = YES;
				CLANG_WARN_DEPRECATED_OBJC_IMPLEMENTATIONS = YES;
				CLANG_WARN_DIRECT_OBJC_ISA_USAGE = YES_ERROR;
				CLANG_WARN_DOCUMENTATION_COMMENTS = YES;
				CLANG_WARN_EMPTY_BODY = YES;
				CLANG_WARN_ENUM_CONVERSION = YES;
				CLANG_WARN_INFINITE_RECURSION = YES;
				CLANG_WARN_INT_CONVERSION = YES;
				CLANG_WARN_NON_LITERAL_NULL_CONVERSION = YES;
				CLANG_WARN_OBJC_IMPLICIT_RETAIN_SELF = YES;
				CLANG_WARN_OBJC_LITERAL_CONVERSION = YES;
				CLANG_WARN_OBJC_ROOT_CLASS = YES_ERROR;
				CLANG_WARN_RANGE_LOOP_ANALYSIS = YES;
				CLANG_WARN_STRICT_PROTOTYPES = YES;
				CLANG_WARN_SUSPICIOUS_MOVE = YES;
				CLANG_WARN_UNGUARDED_AVAILABILITY = YES_AGGRESSIVE;
				CLANG_WARN_UNREACHABLE_CODE = YES;
				CLANG_WARN__DUPLICATE_METHOD_MATCH = YES;
				CODE_SIGN_IDENTITY = "iPhone Developer";
				COPY_PHASE_STRIP = NO;
				DEBUG_INFORMATION_FORMAT = "dwarf-with-dsym";
				ENABLE_NS_ASSERTIONS = NO;
				ENABLE_STRICT_OBJC_MSGSEND = YES;
				GCC_C_LANGUAGE_STANDARD = gnu11;
				GCC_NO_COMMON_BLOCKS = YES;
				GCC_WARN_64_TO_32_BIT_CONVERSION = YES;
				GCC_WARN_ABOUT_RETURN_TYPE = YES_ERROR;
				GCC_WARN_UNDECLARED_SELECTOR = YES;
				GCC_WARN_UNINITIALIZED_AUTOS = YES_AGGRESSIVE;
				GCC_WARN_UNUSED_FUNCTION = YES;
				GCC_WARN_UNUSED_VARIABLE = YES;
				IPHONEOS_DEPLOYMENT_TARGET = 11.3;
				MTL_ENABLE_DEBUG_INFO = NO;
				SDKROOT = iphoneos;
				SWIFT_COMPILATION_MODE = wholemodule;
				SWIFT_OPTIMIZATION_LEVEL = "-O";
				VALIDATE_PRODUCT = YES;
			};
			name = Release;
		};
		65EFE8EF208F19D0008B10A8 /* Debug */ = {
			isa = XCBuildConfiguration;
			baseConfigurationReference = A05E2A5B98D2DE97186E614E /* Pods-LINELoginDemo.debug.xcconfig */;
			buildSettings = {
				ASSETCATALOG_COMPILER_APPICON_NAME = AppIcon;
				CODE_SIGN_ENTITLEMENTS = LINELoginDemo/LINELoginDemo.entitlements;
				CODE_SIGN_STYLE = Automatic;
				DEVELOPMENT_TEAM = G62233X968;
				INFOPLIST_FILE = LINELoginDemo/Info.plist;
				IPHONEOS_DEPLOYMENT_TARGET = 10.0;
				LD_RUNPATH_SEARCH_PATHS = (
					"$(inherited)",
					"@executable_path/Frameworks",
				);
				PRODUCT_BUNDLE_IDENTIFIER = com.cracktheterm.LINELoginDemo;
				PRODUCT_NAME = "$(TARGET_NAME)";
				SWIFT_VERSION = 4.0;
				TARGETED_DEVICE_FAMILY = "1,2";
			};
			name = Debug;
		};
		65EFE8F0208F19D0008B10A8 /* Release */ = {
			isa = XCBuildConfiguration;
			baseConfigurationReference = 7E4D5212B2EA0306D622F8C3 /* Pods-LINELoginDemo.release.xcconfig */;
			buildSettings = {
				ASSETCATALOG_COMPILER_APPICON_NAME = AppIcon;
				CODE_SIGN_ENTITLEMENTS = LINELoginDemo/LINELoginDemo.entitlements;
				CODE_SIGN_STYLE = Automatic;
				DEVELOPMENT_TEAM = G62233X968;
				INFOPLIST_FILE = LINELoginDemo/Info.plist;
				IPHONEOS_DEPLOYMENT_TARGET = 10.0;
				LD_RUNPATH_SEARCH_PATHS = (
					"$(inherited)",
					"@executable_path/Frameworks",
				);
				PRODUCT_BUNDLE_IDENTIFIER = com.cracktheterm.LINELoginDemo;
				PRODUCT_NAME = "$(TARGET_NAME)";
				SWIFT_VERSION = 4.0;
				TARGETED_DEVICE_FAMILY = "1,2";
			};
			name = Release;
		};
/* End XCBuildConfiguration section */

/* Begin XCConfigurationList section */
		65EFE8D7208F19CE008B10A8 /* Build configuration list for PBXProject "LINELoginDemo" */ = {
			isa = XCConfigurationList;
			buildConfigurations = (
				65EFE8EC208F19D0008B10A8 /* Debug */,
				65EFE8ED208F19D0008B10A8 /* Release */,
			);
			defaultConfigurationIsVisible = 0;
			defaultConfigurationName = Release;
		};
		65EFE8EE208F19D0008B10A8 /* Build configuration list for PBXNativeTarget "LINELoginDemo" */ = {
			isa = XCConfigurationList;
			buildConfigurations = (
				65EFE8EF208F19D0008B10A8 /* Debug */,
				65EFE8F0208F19D0008B10A8 /* Release */,
			);
			defaultConfigurationIsVisible = 0;
			defaultConfigurationName = Release;
		};
/* End XCConfigurationList section */
	};
	rootObject = 65EFE8D4208F19CE008B10A8 /* Project object */;
}
